{
  "object": {
    "pins": [
      {
        "package": "Runtime",
        "repositoryURL": "https://github.com/wickwirew/Runtime.git",
        "state": {
          "branch": "swift-4",
          "revision": "1adb6a7553ef72d99afa7ef228f2bb26f12341e9",
          "version": null
        }
      },
      {
        "package": "SemanticUI",
        "repositoryURL": "https://github.com/SwiftWebResources/SemanticUI-Swift.git",
        "state": {
          "branch": null,
          "revision": "6b02d91e66e69df51e1e1f92b92b2175b2b3a0d1",
          "version": "2.3.1"
        }
      },
      {
        "package": "SwiftHash",
        "repositoryURL": "https://github.com/onmyway133/SwiftHash.git",
        "state": {
          "branch": null,
          "revision": "1387bd2a614060ff516b3aa1279354b139b3e6f1",
          "version": "2.0.1"
        }
      },
      {
        "package": "SwiftObjects",
        "repositoryURL": "git@github.com:helje5/SwiftObjects.git",
        "state": {
          "branch": "master",
          "revision": "9c0f8b0eb9e795d639d0a4060c7a2747c3101be2",
          "version": null
        }
      },
      {
        "package": "jQuery",
        "repositoryURL": "https://github.com/SwiftWebResources/jQuery-Swift.git",
        "state": {
          "branch": null,
          "revision": "6f87fb60e4d1405310c7d87ef689372b46045c3e",
          "version": "3.3.1"
        }
      },
      {
        "package": "swift-nio",
        "repositoryURL": "https://github.com/apple/swift-nio.git",
        "state": {
          "branch": null,
          "revision": "77dc77b9b5cdddfb3c385c5ee6cb74153d284967",
          "version": "1.7.2"
        }
      },
      {
        "package": "swift-nio-zlib-support",
        "repositoryURL": "https://github.com/apple/swift-nio-zlib-support.git",
        "state": {
          "branch": null,
          "revision": "37760e9a52030bb9011972c5213c3350fa9d41fd",
          "version": "1.0.0"
        }
      }
    ]
  },
  "version": 1
}
